// !$*UTF8*$!
{
	archiveVersion = 1;
	classes = {
	};
	objectVersion = 46;
	objects = {

/* Begin PBXBuildFile section */
		0422229F1C8830C10024A726 /* search.plist in Resources */ = {isa = PBXBuildFile; fileRef = 0422229E1C8830C10024A726 /* search.plist */; };
		044AB1BC1C88878D00AFB3B7 /* YLWDayNightTool.m in Sources */ = {isa = PBXBuildFile; fileRef = 044AB1BB1C88878D00AFB3B7 /* YLWDayNightTool.m */; };
		0464C7541C7A05690087A477 /* YLWNavigationController.m in Sources */ = {isa = PBXBuildFile; fileRef = 0464C7531C7A05690087A477 /* YLWNavigationController.m */; };
		046513DE1C81600300F6E458 /* article_image.png in Resources */ = {isa = PBXBuildFile; fileRef = 046513DD1C81600300F6E458 /* article_image.png */; };
		046FF7BC1C757CF00056977C /* titleArray.plist in Resources */ = {isa = PBXBuildFile; fileRef = 046FF7BB1C757CF00056977C /* titleArray.plist */; };
		04716ED51C7D83E6007900AB /* UIBarButtonItem+CustomByButton.m in Sources */ = {isa = PBXBuildFile; fileRef = 04716ED41C7D83E6007900AB /* UIBarButtonItem+CustomByButton.m */; };
		047AFEF61C788751006FF9A0 /* YLWHttpTool.m in Sources */ = {isa = PBXBuildFile; fileRef = 047AFEF51C788751006FF9A0 /* YLWHttpTool.m */; };
		048803681C7C7C8A005B51DE /* YLWConst.m in Sources */ = {isa = PBXBuildFile; fileRef = 048803671C7C7C8A005B51DE /* YLWConst.m */; };
		04889D671C8433E900834BAA /* YLWArticalTool.m in Sources */ = {isa = PBXBuildFile; fileRef = 04889D661C8433E900834BAA /* YLWArticalTool.m */; };
		0489AE6A1C74884700E2998C /* main.m in Sources */ = {isa = PBXBuildFile; fileRef = 0489AE691C74884700E2998C /* main.m */; };
		0489AE6D1C74884700E2998C /* AppDelegate.m in Sources */ = {isa = PBXBuildFile; fileRef = 0489AE6C1C74884700E2998C /* AppDelegate.m */; };
		0489AE751C74884700E2998C /* Assets.xcassets in Resources */ = {isa = PBXBuildFile; fileRef = 0489AE741C74884700E2998C /* Assets.xcassets */; };
		0489AE781C74884700E2998C /* LaunchScreen.storyboard in Resources */ = {isa = PBXBuildFile; fileRef = 0489AE761C74884700E2998C /* LaunchScreen.storyboard */; };
		0489AE9B1C748B0C00E2998C /* YLWTabBarController.m in Sources */ = {isa = PBXBuildFile; fileRef = 0489AE9A1C748B0C00E2998C /* YLWTabBarController.m */; };
		04918A3E1C84B4AF00B7BD93 /* libsqlite3.tbd in Frameworks */ = {isa = PBXBuildFile; fileRef = 04B82BDB1C817F3F00654527 /* libsqlite3.tbd */; };
		04B1A2521C7CBA8900064B62 /* article_detail.html in Resources */ = {isa = PBXBuildFile; fileRef = 04B1A2511C7CBA8900064B62 /* article_detail.html */; };
		04B82BD21C817EB200654527 /* libicucore.tbd in Frameworks */ = {isa = PBXBuildFile; fileRef = 04B82BD11C817EB200654527 /* libicucore.tbd */; };
		04B82BD41C817EC500654527 /* libz.tbd in Frameworks */ = {isa = PBXBuildFile; fileRef = 04B82BD31C817EC500654527 /* libz.tbd */; };
		04B82BD61C817ED400654527 /* libstdc++.tbd in Frameworks */ = {isa = PBXBuildFile; fileRef = 04B82BD51C817ED400654527 /* libstdc++.tbd */; };
		04B82BD81C817EE500654527 /* JavaScriptCore.framework in Frameworks */ = {isa = PBXBuildFile; fileRef = 04B82BD71C817EE500654527 /* JavaScriptCore.framework */; };
		04B82BDA1C817F3100654527 /* ImageIO.framework in Frameworks */ = {isa = PBXBuildFile; fileRef = 04B82BD91C817F3100654527 /* ImageIO.framework */; };
		04DAE1FF1C820A0800F20AFF /* YLWBaseSTableViewController.m in Sources */ = {isa = PBXBuildFile; fileRef = 04DAE1FE1C820A0800F20AFF /* YLWBaseSTableViewController.m */; };
		99EBBEC8622C1438D6D909F7 /* libPods-推库iOS.a in Frameworks */ = {isa = PBXBuildFile; fileRef = 89057CC06682018B56AEE676 /* libPods-推库iOS.a */; };
		B603E2191EB474510050BC36 /* YLWUserInfoViewController.m in Sources */ = {isa = PBXBuildFile; fileRef = B603E2061EB474510050BC36 /* YLWUserInfoViewController.m */; };
		B603E21A1EB474510050BC36 /* YLWUserLoginController.m in Sources */ = {isa = PBXBuildFile; fileRef = B603E2081EB474510050BC36 /* YLWUserLoginController.m */; };
		B603E21B1EB474510050BC36 /* YLWUserLoginController.storyboard in Resources */ = {isa = PBXBuildFile; fileRef = B603E2091EB474510050BC36 /* YLWUserLoginController.storyboard */; };
		B603E21C1EB474510050BC36 /* YLWUserViewController.m in Sources */ = {isa = PBXBuildFile; fileRef = B603E20B1EB474510050BC36 /* YLWUserViewController.m */; };
		B603E21D1EB474510050BC36 /* YLWUserGroupModel.m in Sources */ = {isa = PBXBuildFile; fileRef = B603E20E1EB474510050BC36 /* YLWUserGroupModel.m */; };
		B603E21E1EB474510050BC36 /* YLWUserItemModel.m in Sources */ = {isa = PBXBuildFile; fileRef = B603E2101EB474510050BC36 /* YLWUserItemModel.m */; };
		B603E21F1EB474510050BC36 /* YLWUserLoginModel.m in Sources */ = {isa = PBXBuildFile; fileRef = B603E2121EB474510050BC36 /* YLWUserLoginModel.m */; };
		B603E2201EB474510050BC36 /* YLWUserMessageModel.m in Sources */ = {isa = PBXBuildFile; fileRef = B603E2141EB474510050BC36 /* YLWUserMessageModel.m */; };
		B603E2211EB474510050BC36 /* YLWUserLoginCell.m in Sources */ = {isa = PBXBuildFile; fileRef = B603E2171EB474510050BC36 /* YLWUserLoginCell.m */; };
		B603E2221EB474510050BC36 /* YLWUserLoginCell.xib in Resources */ = {isa = PBXBuildFile; fileRef = B603E2181EB474510050BC36 /* YLWUserLoginCell.xib */; };
		B603E22A1EB476920050BC36 /* YLWTopicViewController.m in Sources */ = {isa = PBXBuildFile; fileRef = B603E2261EB476920050BC36 /* YLWTopicViewController.m */; };
		B603E22B1EB476920050BC36 /* YLWTopicItemModel.m in Sources */ = {isa = PBXBuildFile; fileRef = B603E2291EB476920050BC36 /* YLWTopicItemModel.m */; };
		B603E2371EB476E70050BC36 /* YLWSiteViewController.m in Sources */ = {isa = PBXBuildFile; fileRef = B603E22F1EB476E70050BC36 /* YLWSiteViewController.m */; };
		B603E2381EB476E70050BC36 /* YLWSiteItemModel.m in Sources */ = {isa = PBXBuildFile; fileRef = B603E2321EB476E70050BC36 /* YLWSiteItemModel.m */; };
		B603E2391EB476E70050BC36 /* YLWSiteItemTableViewCell.m in Sources */ = {isa = PBXBuildFile; fileRef = B603E2351EB476E70050BC36 /* YLWSiteItemTableViewCell.m */; };
		B603E25A1EB4775A0050BC36 /* YLWBasesHomeViewController.m in Sources */ = {isa = PBXBuildFile; fileRef = B603E23E1EB4775A0050BC36 /* YLWBasesHomeViewController.m */; };
		B603E25B1EB4775A0050BC36 /* YLWHomeViewController.m in Sources */ = {isa = PBXBuildFile; fileRef = B603E2401EB4775A0050BC36 /* YLWHomeViewController.m */; };
		B603E25C1EB4775A0050BC36 /* YLWSearchViewController.m in Sources */ = {isa = PBXBuildFile; fileRef = B603E2421EB4775A0050BC36 /* YLWSearchViewController.m */; };
		B603E25D1EB4775A0050BC36 /* YLWTitleModel.m in Sources */ = {isa = PBXBuildFile; fileRef = B603E2451EB4775A0050BC36 /* YLWTitleModel.m */; };
		B603E25E1EB4775A0050BC36 /* YLWArticleModel.m in Sources */ = {isa = PBXBuildFile; fileRef = B603E2481EB4775A0050BC36 /* YLWArticleModel.m */; };
		B603E25F1EB4775A0050BC36 /* YLWCollectionViewCell.m in Sources */ = {isa = PBXBuildFile; fileRef = B603E24A1EB4775A0050BC36 /* YLWCollectionViewCell.m */; };
		B603E2601EB4775A0050BC36 /* YLWContentCollectionView.m in Sources */ = {isa = PBXBuildFile; fileRef = B603E24C1EB4775A0050BC36 /* YLWContentCollectionView.m */; };
		B603E2611EB4775A0050BC36 /* YLWContentTableViewController.m in Sources */ = {isa = PBXBuildFile; fileRef = B603E24E1EB4775A0050BC36 /* YLWContentTableViewController.m */; };
		B603E2621EB4775A0050BC36 /* YLWDetailTextModel.m in Sources */ = {isa = PBXBuildFile; fileRef = B603E2501EB4775A0050BC36 /* YLWDetailTextModel.m */; };
		B603E2631EB4775A0050BC36 /* YLWDetailTextViewController.m in Sources */ = {isa = PBXBuildFile; fileRef = B603E2521EB4775A0050BC36 /* YLWDetailTextViewController.m */; };
		B603E2641EB4775A0050BC36 /* YLWImageModel.m in Sources */ = {isa = PBXBuildFile; fileRef = B603E2541EB4775A0050BC36 /* YLWImageModel.m */; };
		B603E2651EB4775A0050BC36 /* YLWStoreMonitorCell.m in Sources */ = {isa = PBXBuildFile; fileRef = B603E2561EB4775A0050BC36 /* YLWStoreMonitorCell.m */; };
		B603E2671EB4775A0050BC36 /* YLWTitleScrollView.m in Sources */ = {isa = PBXBuildFile; fileRef = B603E2591EB4775A0050BC36 /* YLWTitleScrollView.m */; };
		B603E26A1EB4811A0050BC36 /* employees.json in Resources */ = {isa = PBXBuildFile; fileRef = B603E2691EB4811A0050BC36 /* employees.json */; };
		B603E26E1EB489C40050BC36 /* UIView+LayoutMethods.m in Sources */ = {isa = PBXBuildFile; fileRef = B603E26D1EB489C40050BC36 /* UIView+LayoutMethods.m */; };
		B603E2701EB4B9EB0050BC36 /* stores.json in Resources */ = {isa = PBXBuildFile; fileRef = B603E26F1EB4B9EB0050BC36 /* stores.json */; };
		B649973F1EB4E0BF0028FB26 /* storeCell.m in Sources */ = {isa = PBXBuildFile; fileRef = B649973C1EB4E0BF0028FB26 /* storeCell.m */; };
		B64997431EB4E8AD0028FB26 /* storeViewController.m in Sources */ = {isa = PBXBuildFile; fileRef = B64997421EB4E8AD0028FB26 /* storeViewController.m */; };
/* End PBXBuildFile section */

/* Begin PBXFileReference section */
		0422229E1C8830C10024A726 /* search.plist */ = {isa = PBXFileReference; fileEncoding = 4; lastKnownFileType = text.plist.xml; path = search.plist; sourceTree = "<group>"; };
		044AB1BA1C88878D00AFB3B7 /* YLWDayNightTool.h */ = {isa = PBXFileReference; fileEncoding = 4; lastKnownFileType = sourcecode.c.h; path = YLWDayNightTool.h; sourceTree = "<group>"; };
		044AB1BB1C88878D00AFB3B7 /* YLWDayNightTool.m */ = {isa = PBXFileReference; fileEncoding = 4; lastKnownFileType = sourcecode.c.objc; path = YLWDayNightTool.m; sourceTree = "<group>"; };
		0464C7521C7A05690087A477 /* YLWNavigationController.h */ = {isa = PBXFileReference; fileEncoding = 4; lastKnownFileType = sourcecode.c.h; path = YLWNavigationController.h; sourceTree = "<group>"; };
		0464C7531C7A05690087A477 /* YLWNavigationController.m */ = {isa = PBXFileReference; fileEncoding = 4; lastKnownFileType = sourcecode.c.objc; path = YLWNavigationController.m; sourceTree = "<group>"; };
		0464C7551C7A063F0087A477 /* PrefixHeader.pch */ = {isa = PBXFileReference; lastKnownFileType = sourcecode.c.h; path = PrefixHeader.pch; sourceTree = "<group>"; };
		046513DD1C81600300F6E458 /* article_image.png */ = {isa = PBXFileReference; lastKnownFileType = image.png; path = article_image.png; sourceTree = "<group>"; };
		046FF7BB1C757CF00056977C /* titleArray.plist */ = {isa = PBXFileReference; fileEncoding = 4; lastKnownFileType = text.plist.xml; path = titleArray.plist; sourceTree = "<group>"; };
		04716ED31C7D83E6007900AB /* UIBarButtonItem+CustomByButton.h */ = {isa = PBXFileReference; fileEncoding = 4; lastKnownFileType = sourcecode.c.h; path = "UIBarButtonItem+CustomByButton.h"; sourceTree = "<group>"; };
		04716ED41C7D83E6007900AB /* UIBarButtonItem+CustomByButton.m */ = {isa = PBXFileReference; fileEncoding = 4; lastKnownFileType = sourcecode.c.objc; path = "UIBarButtonItem+CustomByButton.m"; sourceTree = "<group>"; };
		047AFEF41C788751006FF9A0 /* YLWHttpTool.h */ = {isa = PBXFileReference; fileEncoding = 4; lastKnownFileType = sourcecode.c.h; path = YLWHttpTool.h; sourceTree = "<group>"; };
		047AFEF51C788751006FF9A0 /* YLWHttpTool.m */ = {isa = PBXFileReference; fileEncoding = 4; lastKnownFileType = sourcecode.c.objc; path = YLWHttpTool.m; sourceTree = "<group>"; };
		048803661C7C7C8A005B51DE /* YLWConst.h */ = {isa = PBXFileReference; fileEncoding = 4; lastKnownFileType = sourcecode.c.h; path = YLWConst.h; sourceTree = "<group>"; };
		048803671C7C7C8A005B51DE /* YLWConst.m */ = {isa = PBXFileReference; fileEncoding = 4; lastKnownFileType = sourcecode.c.objc; path = YLWConst.m; sourceTree = "<group>"; };
		04889D651C8433E900834BAA /* YLWArticalTool.h */ = {isa = PBXFileReference; fileEncoding = 4; lastKnownFileType = sourcecode.c.h; path = YLWArticalTool.h; sourceTree = "<group>"; };
		04889D661C8433E900834BAA /* YLWArticalTool.m */ = {isa = PBXFileReference; fileEncoding = 4; lastKnownFileType = sourcecode.c.objc; path = YLWArticalTool.m; sourceTree = "<group>"; };
		0489AE651C74884700E2998C /* iOSDemo.app */ = {isa = PBXFileReference; explicitFileType = wrapper.application; includeInIndex = 0; path = iOSDemo.app; sourceTree = BUILT_PRODUCTS_DIR; };
		0489AE691C74884700E2998C /* main.m */ = {isa = PBXFileReference; lastKnownFileType = sourcecode.c.objc; path = main.m; sourceTree = "<group>"; };
		0489AE6B1C74884700E2998C /* AppDelegate.h */ = {isa = PBXFileReference; lastKnownFileType = sourcecode.c.h; name = AppDelegate.h; path = ../../../AppDelegate.h; sourceTree = "<group>"; };
		0489AE6C1C74884700E2998C /* AppDelegate.m */ = {isa = PBXFileReference; lastKnownFileType = sourcecode.c.objc; name = AppDelegate.m; path = ../../../AppDelegate.m; sourceTree = "<group>"; };
		0489AE741C74884700E2998C /* Assets.xcassets */ = {isa = PBXFileReference; lastKnownFileType = folder.assetcatalog; name = Assets.xcassets; path = ../Assets.xcassets; sourceTree = "<group>"; };
		0489AE771C74884700E2998C /* Base */ = {isa = PBXFileReference; lastKnownFileType = file.storyboard; name = Base; path = Base.lproj/LaunchScreen.storyboard; sourceTree = "<group>"; };
		0489AE791C74884700E2998C /* Info.plist */ = {isa = PBXFileReference; lastKnownFileType = text.plist.xml; name = Info.plist; path = ../Info.plist; sourceTree = "<group>"; };
		0489AE991C748B0C00E2998C /* YLWTabBarController.h */ = {isa = PBXFileReference; fileEncoding = 4; lastKnownFileType = sourcecode.c.h; path = YLWTabBarController.h; sourceTree = "<group>"; };
		0489AE9A1C748B0C00E2998C /* YLWTabBarController.m */ = {isa = PBXFileReference; fileEncoding = 4; lastKnownFileType = sourcecode.c.objc; path = YLWTabBarController.m; sourceTree = "<group>"; };
		04B1A2511C7CBA8900064B62 /* article_detail.html */ = {isa = PBXFileReference; fileEncoding = 4; lastKnownFileType = text.html; path = article_detail.html; sourceTree = "<group>"; };
		04B82BD11C817EB200654527 /* libicucore.tbd */ = {isa = PBXFileReference; lastKnownFileType = "sourcecode.text-based-dylib-definition"; name = libicucore.tbd; path = usr/lib/libicucore.tbd; sourceTree = SDKROOT; };
		04B82BD31C817EC500654527 /* libz.tbd */ = {isa = PBXFileReference; lastKnownFileType = "sourcecode.text-based-dylib-definition"; name = libz.tbd; path = usr/lib/libz.tbd; sourceTree = SDKROOT; };
		04B82BD51C817ED400654527 /* libstdc++.tbd */ = {isa = PBXFileReference; lastKnownFileType = "sourcecode.text-based-dylib-definition"; name = "libstdc++.tbd"; path = "usr/lib/libstdc++.tbd"; sourceTree = SDKROOT; };
		04B82BD71C817EE500654527 /* JavaScriptCore.framework */ = {isa = PBXFileReference; lastKnownFileType = wrapper.framework; name = JavaScriptCore.framework; path = System/Library/Frameworks/JavaScriptCore.framework; sourceTree = SDKROOT; };
		04B82BD91C817F3100654527 /* ImageIO.framework */ = {isa = PBXFileReference; lastKnownFileType = wrapper.framework; name = ImageIO.framework; path = System/Library/Frameworks/ImageIO.framework; sourceTree = SDKROOT; };
		04B82BDB1C817F3F00654527 /* libsqlite3.tbd */ = {isa = PBXFileReference; lastKnownFileType = "sourcecode.text-based-dylib-definition"; name = libsqlite3.tbd; path = usr/lib/libsqlite3.tbd; sourceTree = SDKROOT; };
		04DAE1FD1C820A0800F20AFF /* YLWBaseSTableViewController.h */ = {isa = PBXFileReference; fileEncoding = 4; lastKnownFileType = sourcecode.c.h; path = YLWBaseSTableViewController.h; sourceTree = "<group>"; };
		04DAE1FE1C820A0800F20AFF /* YLWBaseSTableViewController.m */ = {isa = PBXFileReference; fileEncoding = 4; lastKnownFileType = sourcecode.c.objc; path = YLWBaseSTableViewController.m; sourceTree = "<group>"; };
		2FB67D531C8FBD30AD4E02DA /* Pods-推库iOS.debug.xcconfig */ = {isa = PBXFileReference; includeInIndex = 1; lastKnownFileType = text.xcconfig; name = "Pods-推库iOS.debug.xcconfig"; path = "Pods/Target Support Files/Pods-推库iOS/Pods-推库iOS.debug.xcconfig"; sourceTree = "<group>"; };
		5ACF2309B4502C3231BFD5CB /* Pods-推库iOS.release.xcconfig */ = {isa = PBXFileReference; includeInIndex = 1; lastKnownFileType = text.xcconfig; name = "Pods-推库iOS.release.xcconfig"; path = "Pods/Target Support Files/Pods-推库iOS/Pods-推库iOS.release.xcconfig"; sourceTree = "<group>"; };
		89057CC06682018B56AEE676 /* libPods-推库iOS.a */ = {isa = PBXFileReference; explicitFileType = archive.ar; includeInIndex = 0; path = "libPods-推库iOS.a"; sourceTree = BUILT_PRODUCTS_DIR; };
		B603E2021EB45DA60050BC36 /* myStringDef.h */ = {isa = PBXFileReference; fileEncoding = 4; lastKnownFileType = sourcecode.c.h; path = myStringDef.h; sourceTree = "<group>"; };
		B603E2051EB474510050BC36 /* YLWUserInfoViewController.h */ = {isa = PBXFileReference; fileEncoding = 4; lastKnownFileType = sourcecode.c.h; path = YLWUserInfoViewController.h; sourceTree = "<group>"; };
		B603E2061EB474510050BC36 /* YLWUserInfoViewController.m */ = {isa = PBXFileReference; fileEncoding = 4; lastKnownFileType = sourcecode.c.objc; path = YLWUserInfoViewController.m; sourceTree = "<group>"; };
		B603E2071EB474510050BC36 /* YLWUserLoginController.h */ = {isa = PBXFileReference; fileEncoding = 4; lastKnownFileType = sourcecode.c.h; path = YLWUserLoginController.h; sourceTree = "<group>"; };
		B603E2081EB474510050BC36 /* YLWUserLoginController.m */ = {isa = PBXFileReference; fileEncoding = 4; lastKnownFileType = sourcecode.c.objc; path = YLWUserLoginController.m; sourceTree = "<group>"; };
		B603E2091EB474510050BC36 /* YLWUserLoginController.storyboard */ = {isa = PBXFileReference; fileEncoding = 4; lastKnownFileType = file.storyboard; path = YLWUserLoginController.storyboard; sourceTree = "<group>"; };
		B603E20A1EB474510050BC36 /* YLWUserViewController.h */ = {isa = PBXFileReference; fileEncoding = 4; lastKnownFileType = sourcecode.c.h; path = YLWUserViewController.h; sourceTree = "<group>"; };
		B603E20B1EB474510050BC36 /* YLWUserViewController.m */ = {isa = PBXFileReference; fileEncoding = 4; lastKnownFileType = sourcecode.c.objc; path = YLWUserViewController.m; sourceTree = "<group>"; };
		B603E20D1EB474510050BC36 /* YLWUserGroupModel.h */ = {isa = PBXFileReference; fileEncoding = 4; lastKnownFileType = sourcecode.c.h; path = YLWUserGroupModel.h; sourceTree = "<group>"; };
		B603E20E1EB474510050BC36 /* YLWUserGroupModel.m */ = {isa = PBXFileReference; fileEncoding = 4; lastKnownFileType = sourcecode.c.objc; path = YLWUserGroupModel.m; sourceTree = "<group>"; };
		B603E20F1EB474510050BC36 /* YLWUserItemModel.h */ = {isa = PBXFileReference; fileEncoding = 4; lastKnownFileType = sourcecode.c.h; path = YLWUserItemModel.h; sourceTree = "<group>"; };
		B603E2101EB474510050BC36 /* YLWUserItemModel.m */ = {isa = PBXFileReference; fileEncoding = 4; lastKnownFileType = sourcecode.c.objc; path = YLWUserItemModel.m; sourceTree = "<group>"; };
		B603E2111EB474510050BC36 /* YLWUserLoginModel.h */ = {isa = PBXFileReference; fileEncoding = 4; lastKnownFileType = sourcecode.c.h; path = YLWUserLoginModel.h; sourceTree = "<group>"; };
		B603E2121EB474510050BC36 /* YLWUserLoginModel.m */ = {isa = PBXFileReference; fileEncoding = 4; lastKnownFileType = sourcecode.c.objc; path = YLWUserLoginModel.m; sourceTree = "<group>"; };
		B603E2131EB474510050BC36 /* YLWUserMessageModel.h */ = {isa = PBXFileReference; fileEncoding = 4; lastKnownFileType = sourcecode.c.h; path = YLWUserMessageModel.h; sourceTree = "<group>"; };
		B603E2141EB474510050BC36 /* YLWUserMessageModel.m */ = {isa = PBXFileReference; fileEncoding = 4; lastKnownFileType = sourcecode.c.objc; path = YLWUserMessageModel.m; sourceTree = "<group>"; };
		B603E2161EB474510050BC36 /* YLWUserLoginCell.h */ = {isa = PBXFileReference; fileEncoding = 4; lastKnownFileType = sourcecode.c.h; path = YLWUserLoginCell.h; sourceTree = "<group>"; };
		B603E2171EB474510050BC36 /* YLWUserLoginCell.m */ = {isa = PBXFileReference; fileEncoding = 4; lastKnownFileType = sourcecode.c.objc; path = YLWUserLoginCell.m; sourceTree = "<group>"; };
		B603E2181EB474510050BC36 /* YLWUserLoginCell.xib */ = {isa = PBXFileReference; fileEncoding = 4; lastKnownFileType = file.xib; path = YLWUserLoginCell.xib; sourceTree = "<group>"; };
		B603E2251EB476920050BC36 /* YLWTopicViewController.h */ = {isa = PBXFileReference; fileEncoding = 4; lastKnownFileType = sourcecode.c.h; path = YLWTopicViewController.h; sourceTree = "<group>"; };
		B603E2261EB476920050BC36 /* YLWTopicViewController.m */ = {isa = PBXFileReference; fileEncoding = 4; lastKnownFileType = sourcecode.c.objc; path = YLWTopicViewController.m; sourceTree = "<group>"; };
		B603E2281EB476920050BC36 /* YLWTopicItemModel.h */ = {isa = PBXFileReference; fileEncoding = 4; lastKnownFileType = sourcecode.c.h; path = YLWTopicItemModel.h; sourceTree = "<group>"; };
		B603E2291EB476920050BC36 /* YLWTopicItemModel.m */ = {isa = PBXFileReference; fileEncoding = 4; lastKnownFileType = sourcecode.c.objc; path = YLWTopicItemModel.m; sourceTree = "<group>"; };
		B603E22E1EB476E70050BC36 /* YLWSiteViewController.h */ = {isa = PBXFileReference; fileEncoding = 4; lastKnownFileType = sourcecode.c.h; path = YLWSiteViewController.h; sourceTree = "<group>"; };
		B603E22F1EB476E70050BC36 /* YLWSiteViewController.m */ = {isa = PBXFileReference; fileEncoding = 4; lastKnownFileType = sourcecode.c.objc; path = YLWSiteViewController.m; sourceTree = "<group>"; };
		B603E2311EB476E70050BC36 /* YLWSiteItemModel.h */ = {isa = PBXFileReference; fileEncoding = 4; lastKnownFileType = sourcecode.c.h; path = YLWSiteItemModel.h; sourceTree = "<group>"; };
		B603E2321EB476E70050BC36 /* YLWSiteItemModel.m */ = {isa = PBXFileReference; fileEncoding = 4; lastKnownFileType = sourcecode.c.objc; path = YLWSiteItemModel.m; sourceTree = "<group>"; };
		B603E2341EB476E70050BC36 /* YLWSiteItemTableViewCell.h */ = {isa = PBXFileReference; fileEncoding = 4; lastKnownFileType = sourcecode.c.h; path = YLWSiteItemTableViewCell.h; sourceTree = "<group>"; };
		B603E2351EB476E70050BC36 /* YLWSiteItemTableViewCell.m */ = {isa = PBXFileReference; fileEncoding = 4; lastKnownFileType = sourcecode.c.objc; path = YLWSiteItemTableViewCell.m; sourceTree = "<group>"; };
		B603E23D1EB4775A0050BC36 /* YLWBasesHomeViewController.h */ = {isa = PBXFileReference; fileEncoding = 4; lastKnownFileType = sourcecode.c.h; path = YLWBasesHomeViewController.h; sourceTree = "<group>"; };
		B603E23E1EB4775A0050BC36 /* YLWBasesHomeViewController.m */ = {isa = PBXFileReference; fileEncoding = 4; lastKnownFileType = sourcecode.c.objc; path = YLWBasesHomeViewController.m; sourceTree = "<group>"; };
		B603E23F1EB4775A0050BC36 /* YLWHomeViewController.h */ = {isa = PBXFileReference; fileEncoding = 4; lastKnownFileType = sourcecode.c.h; path = YLWHomeViewController.h; sourceTree = "<group>"; };
		B603E2401EB4775A0050BC36 /* YLWHomeViewController.m */ = {isa = PBXFileReference; fileEncoding = 4; lastKnownFileType = sourcecode.c.objc; path = YLWHomeViewController.m; sourceTree = "<group>"; };
		B603E2411EB4775A0050BC36 /* YLWSearchViewController.h */ = {isa = PBXFileReference; fileEncoding = 4; lastKnownFileType = sourcecode.c.h; path = YLWSearchViewController.h; sourceTree = "<group>"; };
		B603E2421EB4775A0050BC36 /* YLWSearchViewController.m */ = {isa = PBXFileReference; fileEncoding = 4; lastKnownFileType = sourcecode.c.objc; path = YLWSearchViewController.m; sourceTree = "<group>"; };
		B603E2441EB4775A0050BC36 /* YLWTitleModel.h */ = {isa = PBXFileReference; fileEncoding = 4; lastKnownFileType = sourcecode.c.h; path = YLWTitleModel.h; sourceTree = "<group>"; };
		B603E2451EB4775A0050BC36 /* YLWTitleModel.m */ = {isa = PBXFileReference; fileEncoding = 4; lastKnownFileType = sourcecode.c.objc; path = YLWTitleModel.m; sourceTree = "<group>"; };
		B603E2471EB4775A0050BC36 /* YLWArticleModel.h */ = {isa = PBXFileReference; fileEncoding = 4; lastKnownFileType = sourcecode.c.h; path = YLWArticleModel.h; sourceTree = "<group>"; };
		B603E2481EB4775A0050BC36 /* YLWArticleModel.m */ = {isa = PBXFileReference; fileEncoding = 4; lastKnownFileType = sourcecode.c.objc; path = YLWArticleModel.m; sourceTree = "<group>"; };
		B603E2491EB4775A0050BC36 /* YLWCollectionViewCell.h */ = {isa = PBXFileReference; fileEncoding = 4; lastKnownFileType = sourcecode.c.h; path = YLWCollectionViewCell.h; sourceTree = "<group>"; };
		B603E24A1EB4775A0050BC36 /* YLWCollectionViewCell.m */ = {isa = PBXFileReference; fileEncoding = 4; lastKnownFileType = sourcecode.c.objc; path = YLWCollectionViewCell.m; sourceTree = "<group>"; };
		B603E24B1EB4775A0050BC36 /* YLWContentCollectionView.h */ = {isa = PBXFileReference; fileEncoding = 4; lastKnownFileType = sourcecode.c.h; path = YLWContentCollectionView.h; sourceTree = "<group>"; };
		B603E24C1EB4775A0050BC36 /* YLWContentCollectionView.m */ = {isa = PBXFileReference; fileEncoding = 4; lastKnownFileType = sourcecode.c.objc; path = YLWContentCollectionView.m; sourceTree = "<group>"; };
		B603E24D1EB4775A0050BC36 /* YLWContentTableViewController.h */ = {isa = PBXFileReference; fileEncoding = 4; lastKnownFileType = sourcecode.c.h; path = YLWContentTableViewController.h; sourceTree = "<group>"; };
		B603E24E1EB4775A0050BC36 /* YLWContentTableViewController.m */ = {isa = PBXFileReference; fileEncoding = 4; lastKnownFileType = sourcecode.c.objc; path = YLWContentTableViewController.m; sourceTree = "<group>"; };
		B603E24F1EB4775A0050BC36 /* YLWDetailTextModel.h */ = {isa = PBXFileReference; fileEncoding = 4; lastKnownFileType = sourcecode.c.h; path = YLWDetailTextModel.h; sourceTree = "<group>"; };
		B603E2501EB4775A0050BC36 /* YLWDetailTextModel.m */ = {isa = PBXFileReference; fileEncoding = 4; lastKnownFileType = sourcecode.c.objc; path = YLWDetailTextModel.m; sourceTree = "<group>"; };
		B603E2511EB4775A0050BC36 /* YLWDetailTextViewController.h */ = {isa = PBXFileReference; fileEncoding = 4; lastKnownFileType = sourcecode.c.h; path = YLWDetailTextViewController.h; sourceTree = "<group>"; };
		B603E2521EB4775A0050BC36 /* YLWDetailTextViewController.m */ = {isa = PBXFileReference; fileEncoding = 4; lastKnownFileType = sourcecode.c.objc; path = YLWDetailTextViewController.m; sourceTree = "<group>"; };
		B603E2531EB4775A0050BC36 /* YLWImageModel.h */ = {isa = PBXFileReference; fileEncoding = 4; lastKnownFileType = sourcecode.c.h; path = YLWImageModel.h; sourceTree = "<group>"; };
		B603E2541EB4775A0050BC36 /* YLWImageModel.m */ = {isa = PBXFileReference; fileEncoding = 4; lastKnownFileType = sourcecode.c.objc; path = YLWImageModel.m; sourceTree = "<group>"; };
		B603E2551EB4775A0050BC36 /* YLWStoreMonitorCell.h */ = {isa = PBXFileReference; fileEncoding = 4; lastKnownFileType = sourcecode.c.h; path = YLWStoreMonitorCell.h; sourceTree = "<group>"; };
		B603E2561EB4775A0050BC36 /* YLWStoreMonitorCell.m */ = {isa = PBXFileReference; fileEncoding = 4; lastKnownFileType = sourcecode.c.objc; path = YLWStoreMonitorCell.m; sourceTree = "<group>"; };
		B603E2581EB4775A0050BC36 /* YLWTitleScrollView.h */ = {isa = PBXFileReference; fileEncoding = 4; lastKnownFileType = sourcecode.c.h; path = YLWTitleScrollView.h; sourceTree = "<group>"; };
		B603E2591EB4775A0050BC36 /* YLWTitleScrollView.m */ = {isa = PBXFileReference; fileEncoding = 4; lastKnownFileType = sourcecode.c.objc; path = YLWTitleScrollView.m; sourceTree = "<group>"; };
		B603E2691EB4811A0050BC36 /* employees.json */ = {isa = PBXFileReference; fileEncoding = 4; lastKnownFileType = text.json; path = employees.json; sourceTree = "<group>"; };
		B603E26C1EB489C40050BC36 /* UIView+LayoutMethods.h */ = {isa = PBXFileReference; fileEncoding = 4; lastKnownFileType = sourcecode.c.h; path = "UIView+LayoutMethods.h"; sourceTree = "<group>"; };
		B603E26D1EB489C40050BC36 /* UIView+LayoutMethods.m */ = {isa = PBXFileReference; fileEncoding = 4; lastKnownFileType = sourcecode.c.objc; path = "UIView+LayoutMethods.m"; sourceTree = "<group>"; };
		B603E26F1EB4B9EB0050BC36 /* stores.json */ = {isa = PBXFileReference; fileEncoding = 4; lastKnownFileType = text.json; path = stores.json; sourceTree = "<group>"; };
		B649973B1EB4E0BF0028FB26 /* storeCell.h */ = {isa = PBXFileReference; fileEncoding = 4; lastKnownFileType = sourcecode.c.h; path = storeCell.h; sourceTree = "<group>"; };
		B649973C1EB4E0BF0028FB26 /* storeCell.m */ = {isa = PBXFileReference; fileEncoding = 4; lastKnownFileType = sourcecode.c.objc; path = storeCell.m; sourceTree = "<group>"; };
		B64997411EB4E8AD0028FB26 /* storeViewController.h */ = {isa = PBXFileReference; fileEncoding = 4; lastKnownFileType = sourcecode.c.h; path = storeViewController.h; sourceTree = "<group>"; };
		B64997421EB4E8AD0028FB26 /* storeViewController.m */ = {isa = PBXFileReference; fileEncoding = 4; lastKnownFileType = sourcecode.c.objc; path = storeViewController.m; sourceTree = "<group>"; };
/* End PBXFileReference section */

/* Begin PBXFrameworksBuildPhase section */
		0489AE621C74884700E2998C /* Frameworks */ = {
			isa = PBXFrameworksBuildPhase;
			buildActionMask = 2147483647;
			files = (
				04918A3E1C84B4AF00B7BD93 /* libsqlite3.tbd in Frameworks */,
				04B82BDA1C817F3100654527 /* ImageIO.framework in Frameworks */,
				04B82BD81C817EE500654527 /* JavaScriptCore.framework in Frameworks */,
				04B82BD61C817ED400654527 /* libstdc++.tbd in Frameworks */,
				04B82BD41C817EC500654527 /* libz.tbd in Frameworks */,
				04B82BD21C817EB200654527 /* libicucore.tbd in Frameworks */,
				99EBBEC8622C1438D6D909F7 /* libPods-推库iOS.a in Frameworks */,
			);
			runOnlyForDeploymentPostprocessing = 0;
		};
/* End PBXFrameworksBuildPhase section */

/* Begin PBXGroup section */
		044AB1B91C88860700AFB3B7 /* DayTool */ = {
			isa = PBXGroup;
			children = (
				044AB1BA1C88878D00AFB3B7 /* YLWDayNightTool.h */,
				044AB1BB1C88878D00AFB3B7 /* YLWDayNightTool.m */,
			);
			name = DayTool;
			sourceTree = "<group>";
		};
		04716ED21C7D8358007900AB /* Categray */ = {
			isa = PBXGroup;
			children = (
				04716ED31C7D83E6007900AB /* UIBarButtonItem+CustomByButton.h */,
				04716ED41C7D83E6007900AB /* UIBarButtonItem+CustomByButton.m */,
			);
			name = Categray;
			sourceTree = "<group>";
		};
		0476EBD81C78A6DA007B0523 /* Plist */ = {
			isa = PBXGroup;
			children = (
				046FF7BB1C757CF00056977C /* titleArray.plist */,
				0422229E1C8830C10024A726 /* search.plist */,
			);
			name = Plist;
			sourceTree = "<group>";
		};
		047AFEF21C779775006FF9A0 /* Public */ = {
			isa = PBXGroup;
			children = (
				044AB1B91C88860700AFB3B7 /* DayTool */,
				04889D641C8433B400834BAA /* ArticalTool */,
				047D8BA21C85E10600AFAF43 /* Const */,
				047AFEF31C7797E7006FF9A0 /* HttpTool */,
			);
			name = Public;
			sourceTree = "<group>";
		};
		047AFEF31C7797E7006FF9A0 /* HttpTool */ = {
			isa = PBXGroup;
			children = (
				047AFEF41C788751006FF9A0 /* YLWHttpTool.h */,
				047AFEF51C788751006FF9A0 /* YLWHttpTool.m */,
			);
			name = HttpTool;
			sourceTree = "<group>";
		};
		047D8BA21C85E10600AFAF43 /* Const */ = {
			isa = PBXGroup;
			children = (
				048803661C7C7C8A005B51DE /* YLWConst.h */,
				048803671C7C7C8A005B51DE /* YLWConst.m */,
			);
			name = Const;
			sourceTree = "<group>";
		};
		04889D641C8433B400834BAA /* ArticalTool */ = {
			isa = PBXGroup;
			children = (
				04889D651C8433E900834BAA /* YLWArticalTool.h */,
				04889D661C8433E900834BAA /* YLWArticalTool.m */,
			);
			name = ArticalTool;
			sourceTree = "<group>";
		};
		0489AE5C1C74884700E2998C = {
			isa = PBXGroup;
			children = (
				0489AE671C74884700E2998C /* iOSDemo */,
				0489AE661C74884700E2998C /* Products */,
				D310E6AA13DB41176AEB2075 /* Frameworks */,
				7266BC7E0ADFF0851DE8883A /* Pods */,
			);
			sourceTree = "<group>";
		};
		0489AE661C74884700E2998C /* Products */ = {
			isa = PBXGroup;
			children = (
				0489AE651C74884700E2998C /* iOSDemo.app */,
			);
			name = Products;
			sourceTree = "<group>";
		};
		0489AE671C74884700E2998C /* iOSDemo */ = {
			isa = PBXGroup;
			children = (
				0489AE7F1C748A8800E2998C /* Class */,
				0489AE981C748A9500E2998C /* Other */,
				0464C7551C7A063F0087A477 /* PrefixHeader.pch */,
				B603E2681EB4811A0050BC36 /* Data */,
				0489AE681C74884700E2998C /* Supporting Files */,
			);
			name = iOSDemo;
			path = "推库iOS";
			sourceTree = "<group>";
		};
		0489AE681C74884700E2998C /* Supporting Files */ = {
			isa = PBXGroup;
			children = (
				0489AE691C74884700E2998C /* main.m */,
			);
			name = "Supporting Files";
			sourceTree = "<group>";
		};
		0489AE7F1C748A8800E2998C /* Class */ = {
			isa = PBXGroup;
			children = (
				B603E26B1EB489C40050BC36 /* Util */,
				0489AE841C748A8800E2998C /* Main */,
				B603E23B1EB4775A0050BC36 /* storehouse */,
				B603E22C1EB476E70050BC36 /* monitor */,
				B603E2231EB476920050BC36 /* employees */,
				B603E2031EB474510050BC36 /* Setting */,
			);
			path = Class;
			sourceTree = "<group>";
		};
		0489AE841C748A8800E2998C /* Main */ = {
			isa = PBXGroup;
			children = (
				0489AE851C748A8800E2998C /* Controller */,
				0489AE861C748A8800E2998C /* Model */,
				0489AE871C748A8800E2998C /* View */,
			);
			path = Main;
			sourceTree = "<group>";
		};
		0489AE851C748A8800E2998C /* Controller */ = {
			isa = PBXGroup;
			children = (
				0489AE6B1C74884700E2998C /* AppDelegate.h */,
				0489AE6C1C74884700E2998C /* AppDelegate.m */,
				B64997411EB4E8AD0028FB26 /* storeViewController.h */,
				B64997421EB4E8AD0028FB26 /* storeViewController.m */,
				B649973B1EB4E0BF0028FB26 /* storeCell.h */,
				B649973C1EB4E0BF0028FB26 /* storeCell.m */,
				0489AE991C748B0C00E2998C /* YLWTabBarController.h */,
				0489AE9A1C748B0C00E2998C /* YLWTabBarController.m */,
				0464C7521C7A05690087A477 /* YLWNavigationController.h */,
				0464C7531C7A05690087A477 /* YLWNavigationController.m */,
				04DAE1FD1C820A0800F20AFF /* YLWBaseSTableViewController.h */,
				04DAE1FE1C820A0800F20AFF /* YLWBaseSTableViewController.m */,
			);
			path = Controller;
			sourceTree = "<group>";
		};
		0489AE861C748A8800E2998C /* Model */ = {
			isa = PBXGroup;
			children = (
			);
			path = Model;
			sourceTree = "<group>";
		};
		0489AE871C748A8800E2998C /* View */ = {
			isa = PBXGroup;
			children = (
			);
			path = View;
			sourceTree = "<group>";
		};
		0489AE981C748A9500E2998C /* Other */ = {
			isa = PBXGroup;
			children = (
				B603E2011EB45D630050BC36 /* String */,
				0476EBD81C78A6DA007B0523 /* Plist */,
				04716ED21C7D8358007900AB /* Categray */,
				047AFEF21C779775006FF9A0 /* Public */,
				04B1A2511C7CBA8900064B62 /* article_detail.html */,
				046513DD1C81600300F6E458 /* article_image.png */,
				0489AE741C74884700E2998C /* Assets.xcassets */,
				0489AE761C74884700E2998C /* LaunchScreen.storyboard */,
				0489AE791C74884700E2998C /* Info.plist */,
			);
			name = Other;
			path = Class;
			sourceTree = "<group>";
		};
		7266BC7E0ADFF0851DE8883A /* Pods */ = {
			isa = PBXGroup;
			children = (
				2FB67D531C8FBD30AD4E02DA /* Pods-推库iOS.debug.xcconfig */,
				5ACF2309B4502C3231BFD5CB /* Pods-推库iOS.release.xcconfig */,
			);
			name = Pods;
			sourceTree = "<group>";
		};
		B603E2011EB45D630050BC36 /* String */ = {
			isa = PBXGroup;
			children = (
				B603E2021EB45DA60050BC36 /* myStringDef.h */,
			);
			name = String;
			sourceTree = "<group>";
		};
		B603E2031EB474510050BC36 /* Setting */ = {
			isa = PBXGroup;
			children = (
				B603E2041EB474510050BC36 /* Controller */,
				B603E20C1EB474510050BC36 /* Model */,
				B603E2151EB474510050BC36 /* View */,
			);
			path = Setting;
			sourceTree = "<group>";
		};
		B603E2041EB474510050BC36 /* Controller */ = {
			isa = PBXGroup;
			children = (
				B603E2051EB474510050BC36 /* YLWUserInfoViewController.h */,
				B603E2061EB474510050BC36 /* YLWUserInfoViewController.m */,
				B603E2071EB474510050BC36 /* YLWUserLoginController.h */,
				B603E2081EB474510050BC36 /* YLWUserLoginController.m */,
				B603E2091EB474510050BC36 /* YLWUserLoginController.storyboard */,
				B603E20A1EB474510050BC36 /* YLWUserViewController.h */,
				B603E20B1EB474510050BC36 /* YLWUserViewController.m */,
			);
			path = Controller;
			sourceTree = "<group>";
		};
		B603E20C1EB474510050BC36 /* Model */ = {
			isa = PBXGroup;
			children = (
				B603E20D1EB474510050BC36 /* YLWUserGroupModel.h */,
				B603E20E1EB474510050BC36 /* YLWUserGroupModel.m */,
				B603E20F1EB474510050BC36 /* YLWUserItemModel.h */,
				B603E2101EB474510050BC36 /* YLWUserItemModel.m */,
				B603E2111EB474510050BC36 /* YLWUserLoginModel.h */,
				B603E2121EB474510050BC36 /* YLWUserLoginModel.m */,
				B603E2131EB474510050BC36 /* YLWUserMessageModel.h */,
				B603E2141EB474510050BC36 /* YLWUserMessageModel.m */,
			);
			path = Model;
			sourceTree = "<group>";
		};
		B603E2151EB474510050BC36 /* View */ = {
			isa = PBXGroup;
			children = (
				B603E2161EB474510050BC36 /* YLWUserLoginCell.h */,
				B603E2171EB474510050BC36 /* YLWUserLoginCell.m */,
				B603E2181EB474510050BC36 /* YLWUserLoginCell.xib */,
			);
			path = View;
			sourceTree = "<group>";
		};
		B603E2231EB476920050BC36 /* employees */ = {
			isa = PBXGroup;
			children = (
				B603E2241EB476920050BC36 /* Controller */,
				B603E2271EB476920050BC36 /* Model */,
			);
			path = employees;
			sourceTree = "<group>";
		};
		B603E2241EB476920050BC36 /* Controller */ = {
			isa = PBXGroup;
			children = (
				B603E2251EB476920050BC36 /* YLWTopicViewController.h */,
				B603E2261EB476920050BC36 /* YLWTopicViewController.m */,
			);
			path = Controller;
			sourceTree = "<group>";
		};
		B603E2271EB476920050BC36 /* Model */ = {
			isa = PBXGroup;
			children = (
				B603E2281EB476920050BC36 /* YLWTopicItemModel.h */,
				B603E2291EB476920050BC36 /* YLWTopicItemModel.m */,
			);
			path = Model;
			sourceTree = "<group>";
		};
		B603E22C1EB476E70050BC36 /* monitor */ = {
			isa = PBXGroup;
			children = (
				B603E22D1EB476E70050BC36 /* Controller */,
				B603E2301EB476E70050BC36 /* Model */,
				B603E2331EB476E70050BC36 /* View */,
			);
			path = monitor;
			sourceTree = "<group>";
		};
		B603E22D1EB476E70050BC36 /* Controller */ = {
			isa = PBXGroup;
			children = (
				B603E22E1EB476E70050BC36 /* YLWSiteViewController.h */,
				B603E22F1EB476E70050BC36 /* YLWSiteViewController.m */,
			);
			path = Controller;
			sourceTree = "<group>";
		};
		B603E2301EB476E70050BC36 /* Model */ = {
			isa = PBXGroup;
			children = (
				B603E2311EB476E70050BC36 /* YLWSiteItemModel.h */,
				B603E2321EB476E70050BC36 /* YLWSiteItemModel.m */,
			);
			path = Model;
			sourceTree = "<group>";
		};
		B603E2331EB476E70050BC36 /* View */ = {
			isa = PBXGroup;
			children = (
				B603E2341EB476E70050BC36 /* YLWSiteItemTableViewCell.h */,
				B603E2351EB476E70050BC36 /* YLWSiteItemTableViewCell.m */,
			);
			path = View;
			sourceTree = "<group>";
		};
		B603E23B1EB4775A0050BC36 /* storehouse */ = {
			isa = PBXGroup;
			children = (
				B603E23C1EB4775A0050BC36 /* Controller */,
				B603E2431EB4775A0050BC36 /* Model */,
				B603E2461EB4775A0050BC36 /* View */,
			);
			path = storehouse;
			sourceTree = "<group>";
		};
		B603E23C1EB4775A0050BC36 /* Controller */ = {
			isa = PBXGroup;
			children = (
				B603E23D1EB4775A0050BC36 /* YLWBasesHomeViewController.h */,
				B603E23E1EB4775A0050BC36 /* YLWBasesHomeViewController.m */,
				B603E23F1EB4775A0050BC36 /* YLWHomeViewController.h */,
				B603E2401EB4775A0050BC36 /* YLWHomeViewController.m */,
				B603E2411EB4775A0050BC36 /* YLWSearchViewController.h */,
				B603E2421EB4775A0050BC36 /* YLWSearchViewController.m */,
			);
			path = Controller;
			sourceTree = "<group>";
		};
		B603E2431EB4775A0050BC36 /* Model */ = {
			isa = PBXGroup;
			children = (
				B603E2441EB4775A0050BC36 /* YLWTitleModel.h */,
				B603E2451EB4775A0050BC36 /* YLWTitleModel.m */,
			);
			path = Model;
			sourceTree = "<group>";
		};
		B603E2461EB4775A0050BC36 /* View */ = {
			isa = PBXGroup;
			children = (
				B603E2471EB4775A0050BC36 /* YLWArticleModel.h */,
				B603E2481EB4775A0050BC36 /* YLWArticleModel.m */,
				B603E2491EB4775A0050BC36 /* YLWCollectionViewCell.h */,
				B603E24A1EB4775A0050BC36 /* YLWCollectionViewCell.m */,
				B603E24B1EB4775A0050BC36 /* YLWContentCollectionView.h */,
				B603E24C1EB4775A0050BC36 /* YLWContentCollectionView.m */,
				B603E24D1EB4775A0050BC36 /* YLWContentTableViewController.h */,
				B603E24E1EB4775A0050BC36 /* YLWContentTableViewController.m */,
				B603E24F1EB4775A0050BC36 /* YLWDetailTextModel.h */,
				B603E2501EB4775A0050BC36 /* YLWDetailTextModel.m */,
				B603E2511EB4775A0050BC36 /* YLWDetailTextViewController.h */,
				B603E2521EB4775A0050BC36 /* YLWDetailTextViewController.m */,
				B603E2531EB4775A0050BC36 /* YLWImageModel.h */,
				B603E2541EB4775A0050BC36 /* YLWImageModel.m */,
				B603E2551EB4775A0050BC36 /* YLWStoreMonitorCell.h */,
				B603E2561EB4775A0050BC36 /* YLWStoreMonitorCell.m */,
				B603E2581EB4775A0050BC36 /* YLWTitleScrollView.h */,
				B603E2591EB4775A0050BC36 /* YLWTitleScrollView.m */,
			);
			path = View;
			sourceTree = "<group>";
		};
		B603E2681EB4811A0050BC36 /* Data */ = {
			isa = PBXGroup;
			children = (
				B603E26F1EB4B9EB0050BC36 /* stores.json */,
				B603E2691EB4811A0050BC36 /* employees.json */,
			);
			path = Data;
			sourceTree = "<group>";
		};
		B603E26B1EB489C40050BC36 /* Util */ = {
			isa = PBXGroup;
			children = (
				B603E26C1EB489C40050BC36 /* UIView+LayoutMethods.h */,
				B603E26D1EB489C40050BC36 /* UIView+LayoutMethods.m */,
			);
			path = Util;
			sourceTree = "<group>";
		};
		D310E6AA13DB41176AEB2075 /* Frameworks */ = {
			isa = PBXGroup;
			children = (
				04B82BDB1C817F3F00654527 /* libsqlite3.tbd */,
				04B82BD91C817F3100654527 /* ImageIO.framework */,
				04B82BD71C817EE500654527 /* JavaScriptCore.framework */,
				04B82BD51C817ED400654527 /* libstdc++.tbd */,
				04B82BD31C817EC500654527 /* libz.tbd */,
				04B82BD11C817EB200654527 /* libicucore.tbd */,
				89057CC06682018B56AEE676 /* libPods-推库iOS.a */,
			);
			name = Frameworks;
			sourceTree = "<group>";
		};
/* End PBXGroup section */

/* Begin PBXNativeTarget section */
		0489AE641C74884700E2998C /* iOSDemo */ = {
			isa = PBXNativeTarget;
			buildConfigurationList = 0489AE7C1C74884700E2998C /* Build configuration list for PBXNativeTarget "iOSDemo" */;
			buildPhases = (
				2451FD3D9DDDACC2365ABB6D /* [CP] Check Pods Manifest.lock */,
				0489AE611C74884700E2998C /* Sources */,
				0489AE621C74884700E2998C /* Frameworks */,
				0489AE631C74884700E2998C /* Resources */,
				1B123E6B6138A743534F74D5 /* [CP] Embed Pods Frameworks */,
				1235F49A1E64E674577E9555 /* [CP] Copy Pods Resources */,
			);
			buildRules = (
			);
			dependencies = (
			);
			name = iOSDemo;
			productName = "推库iOS";
			productReference = 0489AE651C74884700E2998C /* iOSDemo.app */;
			productType = "com.apple.product-type.application";
		};
/* End PBXNativeTarget section */

/* Begin PBXProject section */
		0489AE5D1C74884700E2998C /* Project object */ = {
			isa = PBXProject;
			attributes = {
				CLASSPREFIX = YLW;
				LastUpgradeCheck = 0710;
				ORGANIZATIONNAME = YLW;
				TargetAttributes = {
					0489AE641C74884700E2998C = {
						CreatedOnToolsVersion = 7.1;
						DevelopmentTeam = HHZ43EXLKY;
					};
				};
			};
			buildConfigurationList = 0489AE601C74884700E2998C /* Build configuration list for PBXProject "iOSDemo" */;
			compatibilityVersion = "Xcode 3.2";
			developmentRegion = English;
			hasScannedForEncodings = 0;
			knownRegions = (
				en,
				Base,
			);
			mainGroup = 0489AE5C1C74884700E2998C;
			productRefGroup = 0489AE661C74884700E2998C /* Products */;
			projectDirPath = "";
			projectRoot = "";
			targets = (
				0489AE641C74884700E2998C /* iOSDemo */,
			);
		};
/* End PBXProject section */

/* Begin PBXResourcesBuildPhase section */
		0489AE631C74884700E2998C /* Resources */ = {
			isa = PBXResourcesBuildPhase;
			buildActionMask = 2147483647;
			files = (
				B603E21B1EB474510050BC36 /* YLWUserLoginController.storyboard in Resources */,
				046513DE1C81600300F6E458 /* article_image.png in Resources */,
				B603E26A1EB4811A0050BC36 /* employees.json in Resources */,
				046FF7BC1C757CF00056977C /* titleArray.plist in Resources */,
				04B1A2521C7CBA8900064B62 /* article_detail.html in Resources */,
				0489AE781C74884700E2998C /* LaunchScreen.storyboard in Resources */,
				0489AE751C74884700E2998C /* Assets.xcassets in Resources */,
				B603E2701EB4B9EB0050BC36 /* stores.json in Resources */,
				0422229F1C8830C10024A726 /* search.plist in Resources */,
				B603E2221EB474510050BC36 /* YLWUserLoginCell.xib in Resources */,
			);
			runOnlyForDeploymentPostprocessing = 0;
		};
/* End PBXResourcesBuildPhase section */

/* Begin PBXShellScriptBuildPhase section */
		1235F49A1E64E674577E9555 /* [CP] Copy Pods Resources */ = {
			isa = PBXShellScriptBuildPhase;
			buildActionMask = 2147483647;
			files = (
			);
			inputPaths = (
			);
			name = "[CP] Copy Pods Resources";
			outputPaths = (
			);
			runOnlyForDeploymentPostprocessing = 0;
			shellPath = /bin/sh;
			shellScript = "\"${SRCROOT}/Pods/Target Support Files/Pods-推库iOS/Pods-推库iOS-resources.sh\"\n";
			showEnvVarsInLog = 0;
		};
		1B123E6B6138A743534F74D5 /* [CP] Embed Pods Frameworks */ = {
			isa = PBXShellScriptBuildPhase;
			buildActionMask = 2147483647;
			files = (
			);
			inputPaths = (
			);
			name = "[CP] Embed Pods Frameworks";
			outputPaths = (
			);
			runOnlyForDeploymentPostprocessing = 0;
			shellPath = /bin/sh;
			shellScript = "\"${SRCROOT}/Pods/Target Support Files/Pods-推库iOS/Pods-推库iOS-frameworks.sh\"\n";
			showEnvVarsInLog = 0;
		};
		2451FD3D9DDDACC2365ABB6D /* [CP] Check Pods Manifest.lock */ = {
			isa = PBXShellScriptBuildPhase;
			buildActionMask = 2147483647;
			files = (
			);
			inputPaths = (
			);
			name = "[CP] Check Pods Manifest.lock";
			outputPaths = (
			);
			runOnlyForDeploymentPostprocessing = 0;
			shellPath = /bin/sh;
			shellScript = "diff \"${PODS_PODFILE_DIR_PATH}/Podfile.lock\" \"${PODS_ROOT}/Manifest.lock\" > /dev/null\nif [ $? != 0 ] ; then\n    # print error to STDERR\n    echo \"error: The sandbox is not in sync with the Podfile.lock. Run 'pod install' or update your CocoaPods installation.\" >&2\n    exit 1\nfi\n";
			showEnvVarsInLog = 0;
		};
/* End PBXShellScriptBuildPhase section */

/* Begin PBXSourcesBuildPhase section */
		0489AE611C74884700E2998C /* Sources */ = {
			isa = PBXSourcesBuildPhase;
			buildActionMask = 2147483647;
			files = (
				B603E25F1EB4775A0050BC36 /* YLWCollectionViewCell.m in Sources */,
				B603E2381EB476E70050BC36 /* YLWSiteItemModel.m in Sources */,
				B603E25A1EB4775A0050BC36 /* YLWBasesHomeViewController.m in Sources */,
				047AFEF61C788751006FF9A0 /* YLWHttpTool.m in Sources */,
				04889D671C8433E900834BAA /* YLWArticalTool.m in Sources */,
				B603E2601EB4775A0050BC36 /* YLWContentCollectionView.m in Sources */,
				0489AE6D1C74884700E2998C /* AppDelegate.m in Sources */,
				044AB1BC1C88878D00AFB3B7 /* YLWDayNightTool.m in Sources */,
				B603E22B1EB476920050BC36 /* YLWTopicItemModel.m in Sources */,
				B603E21C1EB474510050BC36 /* YLWUserViewController.m in Sources */,
				B603E2371EB476E70050BC36 /* YLWSiteViewController.m in Sources */,
				B603E21A1EB474510050BC36 /* YLWUserLoginController.m in Sources */,
				0489AE9B1C748B0C00E2998C /* YLWTabBarController.m in Sources */,
				B603E2201EB474510050BC36 /* YLWUserMessageModel.m in Sources */,
				B603E21D1EB474510050BC36 /* YLWUserGroupModel.m in Sources */,
				048803681C7C7C8A005B51DE /* YLWConst.m in Sources */,
				B603E2641EB4775A0050BC36 /* YLWImageModel.m in Sources */,
				B603E2651EB4775A0050BC36 /* YLWStoreMonitorCell.m in Sources */,
				0464C7541C7A05690087A477 /* YLWNavigationController.m in Sources */,
				B603E2191EB474510050BC36 /* YLWUserInfoViewController.m in Sources */,
				B603E2391EB476E70050BC36 /* YLWSiteItemTableViewCell.m in Sources */,
				B603E2611EB4775A0050BC36 /* YLWContentTableViewController.m in Sources */,
				B603E2621EB4775A0050BC36 /* YLWDetailTextModel.m in Sources */,
				B603E25E1EB4775A0050BC36 /* YLWArticleModel.m in Sources */,
				B603E26E1EB489C40050BC36 /* UIView+LayoutMethods.m in Sources */,
				04DAE1FF1C820A0800F20AFF /* YLWBaseSTableViewController.m in Sources */,
				B603E2631EB4775A0050BC36 /* YLWDetailTextViewController.m in Sources */,
				B603E25D1EB4775A0050BC36 /* YLWTitleModel.m in Sources */,
				B603E25B1EB4775A0050BC36 /* YLWHomeViewController.m in Sources */,
				04716ED51C7D83E6007900AB /* UIBarButtonItem+CustomByButton.m in Sources */,
				B603E21F1EB474510050BC36 /* YLWUserLoginModel.m in Sources */,
				B603E25C1EB4775A0050BC36 /* YLWSearchViewController.m in Sources */,
				B603E2671EB4775A0050BC36 /* YLWTitleScrollView.m in Sources */,
				B64997431EB4E8AD0028FB26 /* storeViewController.m in Sources */,
				B603E22A1EB476920050BC36 /* YLWTopicViewController.m in Sources */,
				0489AE6A1C74884700E2998C /* main.m in Sources */,
				B649973F1EB4E0BF0028FB26 /* storeCell.m in Sources */,
				B603E21E1EB474510050BC36 /* YLWUserItemModel.m in Sources */,
				B603E2211EB474510050BC36 /* YLWUserLoginCell.m in Sources */,
			);
			runOnlyForDeploymentPostprocessing = 0;
		};
/* End PBXSourcesBuildPhase section */

/* Begin PBXVariantGroup section */
		0489AE761C74884700E2998C /* LaunchScreen.storyboard */ = {
			isa = PBXVariantGroup;
			children = (
				0489AE771C74884700E2998C /* Base */,
			);
			name = LaunchScreen.storyboard;
			path = ..;
			sourceTree = "<group>";
		};
/* End PBXVariantGroup section */

/* Begin XCBuildConfiguration section */
		0489AE7A1C74884700E2998C /* Debug */ = {
			isa = XCBuildConfiguration;
			buildSettings = {
				ALWAYS_SEARCH_USER_PATHS = NO;
				CLANG_CXX_LANGUAGE_STANDARD = "gnu++0x";
				CLANG_CXX_LIBRARY = "libc++";
				CLANG_ENABLE_MODULES = YES;
				CLANG_ENABLE_OBJC_ARC = YES;
				CLANG_WARN_BOOL_CONVERSION = YES;
				CLANG_WARN_CONSTANT_CONVERSION = YES;
				CLANG_WARN_DIRECT_OBJC_ISA_USAGE = YES_ERROR;
				CLANG_WARN_EMPTY_BODY = YES;
				CLANG_WARN_ENUM_CONVERSION = YES;
				CLANG_WARN_INT_CONVERSION = YES;
				CLANG_WARN_OBJC_ROOT_CLASS = YES_ERROR;
				CLANG_WARN_UNREACHABLE_CODE = YES;
				CLANG_WARN__DUPLICATE_METHOD_MATCH = YES;
				"CODE_SIGN_IDENTITY[sdk=iphoneos*]" = "iPhone Developer";
				COPY_PHASE_STRIP = NO;
				DEBUG_INFORMATION_FORMAT = dwarf;
				ENABLE_STRICT_OBJC_MSGSEND = YES;
				ENABLE_TESTABILITY = YES;
				GCC_C_LANGUAGE_STANDARD = gnu99;
				GCC_DYNAMIC_NO_PIC = NO;
				GCC_NO_COMMON_BLOCKS = YES;
				GCC_OPTIMIZATION_LEVEL = 0;
				GCC_PREPROCESSOR_DEFINITIONS = (
					"DEBUG=1",
					"$(inherited)",
				);
				GCC_WARN_64_TO_32_BIT_CONVERSION = YES;
				GCC_WARN_ABOUT_RETURN_TYPE = YES_ERROR;
				GCC_WARN_UNDECLARED_SELECTOR = YES;
				GCC_WARN_UNINITIALIZED_AUTOS = YES_AGGRESSIVE;
				GCC_WARN_UNUSED_FUNCTION = YES;
				GCC_WARN_UNUSED_VARIABLE = YES;
				IPHONEOS_DEPLOYMENT_TARGET = 9.1;
				MTL_ENABLE_DEBUG_INFO = YES;
				ONLY_ACTIVE_ARCH = YES;
				SDKROOT = iphoneos;
			};
			name = Debug;
		};
		0489AE7B1C74884700E2998C /* Release */ = {
			isa = XCBuildConfiguration;
			buildSettings = {
				ALWAYS_SEARCH_USER_PATHS = NO;
				CLANG_CXX_LANGUAGE_STANDARD = "gnu++0x";
				CLANG_CXX_LIBRARY = "libc++";
				CLANG_ENABLE_MODULES = YES;
				CLANG_ENABLE_OBJC_ARC = YES;
				CLANG_WARN_BOOL_CONVERSION = YES;
				CLANG_WARN_CONSTANT_CONVERSION = YES;
				CLANG_WARN_DIRECT_OBJC_ISA_USAGE = YES_ERROR;
				CLANG_WARN_EMPTY_BODY = YES;
				CLANG_WARN_ENUM_CONVERSION = YES;
				CLANG_WARN_INT_CONVERSION = YES;
				CLANG_WARN_OBJC_ROOT_CLASS = YES_ERROR;
				CLANG_WARN_UNREACHABLE_CODE = YES;
				CLANG_WARN__DUPLICATE_METHOD_MATCH = YES;
				"CODE_SIGN_IDENTITY[sdk=iphoneos*]" = "iPhone Developer";
				COPY_PHASE_STRIP = NO;
				DEBUG_INFORMATION_FORMAT = "dwarf-with-dsym";
				ENABLE_NS_ASSERTIONS = NO;
				ENABLE_STRICT_OBJC_MSGSEND = YES;
				GCC_C_LANGUAGE_STANDARD = gnu99;
				GCC_NO_COMMON_BLOCKS = YES;
				GCC_WARN_64_TO_32_BIT_CONVERSION = YES;
				GCC_WARN_ABOUT_RETURN_TYPE = YES_ERROR;
				GCC_WARN_UNDECLARED_SELECTOR = YES;
				GCC_WARN_UNINITIALIZED_AUTOS = YES_AGGRESSIVE;
				GCC_WARN_UNUSED_FUNCTION = YES;
				GCC_WARN_UNUSED_VARIABLE = YES;
				IPHONEOS_DEPLOYMENT_TARGET = 9.1;
				MTL_ENABLE_DEBUG_INFO = NO;
				SDKROOT = iphoneos;
				VALIDATE_PRODUCT = YES;
			};
			name = Release;
		};
		0489AE7D1C74884700E2998C /* Debug */ = {
			isa = XCBuildConfiguration;
			baseConfigurationReference = 2FB67D531C8FBD30AD4E02DA /* Pods-推库iOS.debug.xcconfig */;
			buildSettings = {
				ASSETCATALOG_COMPILER_APPICON_NAME = AppIcon;
				CODE_SIGN_IDENTITY = "iPhone Developer";
				"CODE_SIGN_IDENTITY[sdk=iphoneos*]" = "iPhone Developer";
				DEVELOPMENT_TEAM = HHZ43EXLKY;
				FRAMEWORK_SEARCH_PATHS = (
					"$(inherited)",
					"$(PROJECT_DIR)/推库iOS/Class/User(我的)/Support/Optional",
					"$(PROJECT_DIR)/推库iOS/Class/User(我的)/Support/PlatformSDK/QQSDK",
					"$(PROJECT_DIR)/推库iOS/Class/User(我的)/Support/Required",
					"$(PROJECT_DIR)/推库iOS/Class/User(我的)/ShareSDK",
					"$(PROJECT_DIR)/推库iOS/Class/User(我的)/ShareSDK/Support/Optional",
					"$(PROJECT_DIR)/推库iOS/Class/User(我的)/ShareSDK/Support/PlatformSDK/QQSDK",
					"$(PROJECT_DIR)/推库iOS/Class/User(我的)/ShareSDK/Support/Required",
				);
				GCC_PREFIX_HEADER = "$(SRCROOT)/推库iOS/PrefixHeader.pch";
				INFOPLIST_FILE = "推库iOS/Info.plist";
				IPHONEOS_DEPLOYMENT_TARGET = 8.0;
				LD_RUNPATH_SEARCH_PATHS = "$(inherited) @executable_path/Frameworks";
				LIBRARY_SEARCH_PATHS = (
					"$(inherited)",
					"$(PROJECT_DIR)/推库iOS/Class/User(我的)/Support/PlatformSDK/SinaWeiboSDK",
					"$(PROJECT_DIR)/推库iOS/Class/User(我的)/Support/PlatformSDK/WeChatSDK",
					"$(PROJECT_DIR)/推库iOS/Class/User(我的)/ShareSDK/Support/PlatformSDK/SinaWeiboSDK",
					"$(PROJECT_DIR)/推库iOS/Class/User(我的)/ShareSDK/Support/PlatformSDK/WeChatSDK",
					"$(PROJECT_DIR)",
				);
				PRODUCT_BUNDLE_IDENTIFIER = com.klarm.ios;
				PRODUCT_NAME = "$(TARGET_NAME)";
				PROVISIONING_PROFILE = "";
			};
			name = Debug;
		};
		0489AE7E1C74884700E2998C /* Release */ = {
			isa = XCBuildConfiguration;
			baseConfigurationReference = 5ACF2309B4502C3231BFD5CB /* Pods-推库iOS.release.xcconfig */;
			buildSettings = {
				ASSETCATALOG_COMPILER_APPICON_NAME = AppIcon;
				CODE_SIGN_IDENTITY = "iPhone Developer";
				"CODE_SIGN_IDENTITY[sdk=iphoneos*]" = "iPhone Developer";
				DEVELOPMENT_TEAM = HHZ43EXLKY;
				FRAMEWORK_SEARCH_PATHS = (
					"$(inherited)",
					"$(PROJECT_DIR)/推库iOS/Class/User(我的)/Support/Optional",
					"$(PROJECT_DIR)/推库iOS/Class/User(我的)/Support/PlatformSDK/QQSDK",
					"$(PROJECT_DIR)/推库iOS/Class/User(我的)/Support/Required",
					"$(PROJECT_DIR)/推库iOS/Class/User(我的)/ShareSDK",
					"$(PROJECT_DIR)/推库iOS/Class/User(我的)/ShareSDK/Support/Optional",
					"$(PROJECT_DIR)/推库iOS/Class/User(我的)/ShareSDK/Support/PlatformSDK/QQSDK",
					"$(PROJECT_DIR)/推库iOS/Class/User(我的)/ShareSDK/Support/Required",
				);
				GCC_PREFIX_HEADER = "$(SRCROOT)/推库iOS/PrefixHeader.pch";
				INFOPLIST_FILE = "推库iOS/Info.plist";
				IPHONEOS_DEPLOYMENT_TARGET = 8.0;
				LD_RUNPATH_SEARCH_PATHS = "$(inherited) @executable_path/Frameworks";
				LIBRARY_SEARCH_PATHS = (
					"$(inherited)",
					"$(PROJECT_DIR)/推库iOS/Class/User(我的)/Support/PlatformSDK/SinaWeiboSDK",
					"$(PROJECT_DIR)/推库iOS/Class/User(我的)/Support/PlatformSDK/WeChatSDK",
					"$(PROJECT_DIR)/推库iOS/Class/User(我的)/ShareSDK/Support/PlatformSDK/SinaWeiboSDK",
					"$(PROJECT_DIR)/推库iOS/Class/User(我的)/ShareSDK/Support/PlatformSDK/WeChatSDK",
					"$(PROJECT_DIR)",
				);
				PRODUCT_BUNDLE_IDENTIFIER = com.klarm.ios;
				PRODUCT_NAME = "$(TARGET_NAME)";
				PROVISIONING_PROFILE = "";
			};
			name = Release;
		};
/* End XCBuildConfiguration section */

/* Begin XCConfigurationList section */
		0489AE601C74884700E2998C /* Build configuration list for PBXProject "iOSDemo" */ = {
			isa = XCConfigurationList;
			buildConfigurations = (
				0489AE7A1C74884700E2998C /* Debug */,
				0489AE7B1C74884700E2998C /* Release */,
			);
			defaultConfigurationIsVisible = 0;
			defaultConfigurationName = Release;
		};
		0489AE7C1C74884700E2998C /* Build configuration list for PBXNativeTarget "iOSDemo" */ = {
			isa = XCConfigurationList;
			buildConfigurations = (
				0489AE7D1C74884700E2998C /* Debug */,
				0489AE7E1C74884700E2998C /* Release */,
			);
			defaultConfigurationIsVisible = 0;
			defaultConfigurationName = Release;
		};
/* End XCConfigurationList section */
	};
	rootObject = 0489AE5D1C74884700E2998C /* Project object */;
}
